
Microsoft Visual Studio Solution File, Format Version 12.00
# Visual Studio 15
VisualStudioVersion = 15.0.28307.489
MinimumVisualStudioVersion = 10.0.40219.1
Project("{FAE04EC0-301F-11D3-BF4B-00C04F79EFBC}") = "InventoryManagement.WebApi", "InventoryManagementApi\InventoryManagement.WebApi.csproj", "{6BD46199-7666-4A05-96FD-9D22C4350387}"
EndProject
Project("{FAE04EC0-301F-11D3-BF4B-00C04F79EFBC}") = "IM.Core", "IM.Core\IM.Core.csproj", "{745527B4-F6BA-48FD-9D17-B2457B1D752E}"
EndProject
Project("{FAE04EC0-301F-11D3-BF4B-00C04F79EFBC}") = "IM.DataAccessLayer", "IM.DataAccess\IM.DataAccessLayer.csproj", "{F4A3E0F6-6606-4024-AA40-1F7CDC9BE716}"
EndProject
Project("{FAE04EC0-301F-11D3-BF4B-00C04F79EFBC}") = "IM.Services", "IM.Services\IM.Services.csproj", "{4A030CB7-F5FC-4AA7-9A30-8296EF088DCF}"
EndProject
Global
	GlobalSection(SolutionConfigurationPlatforms) = preSolution
		Debug|Any CPU = Debug|Any CPU
		Release|Any CPU = Release|Any CPU
	EndGlobalSection
	GlobalSection(ProjectConfigurationPlatforms) = postSolution
		{6BD46199-7666-4A05-96FD-9D22C4350387}.Debug|Any CPU.ActiveCfg = Debug|Any CPU
		{6BD46199-7666-4A05-96FD-9D22C4350387}.Debug|Any CPU.Build.0 = Debug|Any CPU
		{6BD46199-7666-4A05-96FD-9D22C4350387}.Release|Any CPU.ActiveCfg = Release|Any CPU
		{6BD46199-7666-4A05-96FD-9D22C4350387}.Release|Any CPU.Build.0 = Release|Any CPU
		{745527B4-F6BA-48FD-9D17-B2457B1D752E}.Debug|Any CPU.ActiveCfg = Debug|Any CPU
		{745527B4-F6BA-48FD-9D17-B2457B1D752E}.Debug|Any CPU.Build.0 = Debug|Any CPU
		{745527B4-F6BA-48FD-9D17-B2457B1D752E}.Release|Any CPU.ActiveCfg = Release|Any CPU
		{745527B4-F6BA-48FD-9D17-B2457B1D752E}.Release|Any CPU.Build.0 = Release|Any CPU
		{F4A3E0F6-6606-4024-AA40-1F7CDC9BE716}.Debug|Any CPU.ActiveCfg = Debug|Any CPU
		{F4A3E0F6-6606-4024-AA40-1F7CDC9BE716}.Debug|Any CPU.Build.0 = Debug|Any CPU
		{F4A3E0F6-6606-4024-AA40-1F7CDC9BE716}.Release|Any CPU.ActiveCfg = Release|Any CPU
		{F4A3E0F6-6606-4024-AA40-1F7CDC9BE716}.Release|Any CPU.Build.0 = Release|Any CPU
		{4A030CB7-F5FC-4AA7-9A30-8296EF088DCF}.Debug|Any CPU.ActiveCfg = Debug|Any CPU
		{4A030CB7-F5FC-4AA7-9A30-8296EF088DCF}.Debug|Any CPU.Build.0 = Debug|Any CPU
		{4A030CB7-F5FC-4AA7-9A30-8296EF088DCF}.Release|Any CPU.ActiveCfg = Release|Any CPU
		{4A030CB7-F5FC-4AA7-9A30-8296EF088DCF}.Release|Any CPU.Build.0 = Release|Any CPU
	EndGlobalSection
	GlobalSection(SolutionProperties) = preSolution
		HideSolutionNode = FALSE
	EndGlobalSection
	GlobalSection(ExtensibilityGlobals) = postSolution
		SolutionGuid = {1FEA65C3-8F0C-4CBB-921C-97A2683A84C6}
	EndGlobalSection
EndGlobal
